
Microsoft Visual Studio Solution File, Format Version 12.00
# Visual Studio Version 16
VisualStudioVersion = 16.0.31229.75
MinimumVisualStudioVersion = 10.0.40219.1
Project("{9A19103F-16F7-4668-BE54-9A1E7A4F7556}") = "UI", "UI\UI.csproj", "{425FB59F-0804-47DC-867B-A52F50E338E9}"
EndProject
Project("{9A19103F-16F7-4668-BE54-9A1E7A4F7556}") = "BLL", "BLL\BLL.csproj", "{D09FF7A9-1423-414C-8710-2B904400711F}"
EndProject
Project("{9A19103F-16F7-4668-BE54-9A1E7A4F7556}") = "DAL", "DAL\DAL.csproj", "{2D377F02-882D-4A85-A3A9-41FFA1A2A816}"
EndProject
Global
	GlobalSection(SolutionConfigurationPlatforms) = preSolution
		Debug|Any CPU = Debug|Any CPU
		Release|Any CPU = Release|Any CPU
	EndGlobalSection
	GlobalSection(ProjectConfigurationPlatforms) = postSolution
		{425FB59F-0804-47DC-867B-A52F50E338E9}.Debug|Any CPU.ActiveCfg = Debug|Any CPU
		{425FB59F-0804-47DC-867B-A52F50E338E9}.Debug|Any CPU.Build.0 = Debug|Any CPU
		{425FB59F-0804-47DC-867B-A52F50E338E9}.Release|Any CPU.ActiveCfg = Release|Any CPU
		{425FB59F-0804-47DC-867B-A52F50E338E9}.Release|Any CPU.Build.0 = Release|Any CPU
		{D09FF7A9-1423-414C-8710-2B904400711F}.Debug|Any CPU.ActiveCfg = Debug|Any CPU
		{D09FF7A9-1423-414C-8710-2B904400711F}.Debug|Any CPU.Build.0 = Debug|Any CPU
		{D09FF7A9-1423-414C-8710-2B904400711F}.Release|Any CPU.ActiveCfg = Release|Any CPU
		{D09FF7A9-1423-414C-8710-2B904400711F}.Release|Any CPU.Build.0 = Release|Any CPU
		{2D377F02-882D-4A85-A3A9-41FFA1A2A816}.Debug|Any CPU.ActiveCfg = Debug|Any CPU
		{2D377F02-882D-4A85-A3A9-41FFA1A2A816}.Debug|Any CPU.Build.0 = Debug|Any CPU
		{2D377F02-882D-4A85-A3A9-41FFA1A2A816}.Release|Any CPU.ActiveCfg = Release|Any CPU
		{2D377F02-882D-4A85-A3A9-41FFA1A2A816}.Release|Any CPU.Build.0 = Release|Any CPU
	EndGlobalSection
	GlobalSection(SolutionProperties) = preSolution
		HideSolutionNode = FALSE
	EndGlobalSection
	GlobalSection(ExtensibilityGlobals) = postSolution
		SolutionGuid = {8998C6A9-D9F9-46DB-88F4-848E41A30CE3}
	EndGlobalSection
EndGlobal
