
Microsoft Visual Studio Solution File, Format Version 12.00
# Visual Studio Version 16
VisualStudioVersion = 16.0.31729.503
MinimumVisualStudioVersion = 10.0.40219.1
Project("{FAE04EC0-301F-11D3-BF4B-00C04F79EFBC}") = "UI", "UI\UI.csproj", "{9AB02C16-8A1D-4CD4-BA2E-44AFAE7959C0}"
EndProject
Project("{FAE04EC0-301F-11D3-BF4B-00C04F79EFBC}") = "BusinessLayer", "BusinessLayer\BusinessLayer.csproj", "{5F613B63-164F-4EF8-83B9-69F6907FDF4B}"
EndProject
Project("{FAE04EC0-301F-11D3-BF4B-00C04F79EFBC}") = "DataLayer", "DataLayer\DataLayer.csproj", "{DF25F549-0395-406A-AC68-9B8ED946C939}"
EndProject
Global
	GlobalSection(SolutionConfigurationPlatforms) = preSolution
		Debug|Any CPU = Debug|Any CPU
		Release|Any CPU = Release|Any CPU
	EndGlobalSection
	GlobalSection(ProjectConfigurationPlatforms) = postSolution
		{9AB02C16-8A1D-4CD4-BA2E-44AFAE7959C0}.Debug|Any CPU.ActiveCfg = Debug|Any CPU
		{9AB02C16-8A1D-4CD4-BA2E-44AFAE7959C0}.Debug|Any CPU.Build.0 = Debug|Any CPU
		{9AB02C16-8A1D-4CD4-BA2E-44AFAE7959C0}.Release|Any CPU.ActiveCfg = Release|Any CPU
		{9AB02C16-8A1D-4CD4-BA2E-44AFAE7959C0}.Release|Any CPU.Build.0 = Release|Any CPU
		{5F613B63-164F-4EF8-83B9-69F6907FDF4B}.Debug|Any CPU.ActiveCfg = Debug|Any CPU
		{5F613B63-164F-4EF8-83B9-69F6907FDF4B}.Debug|Any CPU.Build.0 = Debug|Any CPU
		{5F613B63-164F-4EF8-83B9-69F6907FDF4B}.Release|Any CPU.ActiveCfg = Release|Any CPU
		{5F613B63-164F-4EF8-83B9-69F6907FDF4B}.Release|Any CPU.Build.0 = Release|Any CPU
		{DF25F549-0395-406A-AC68-9B8ED946C939}.Debug|Any CPU.ActiveCfg = Debug|Any CPU
		{DF25F549-0395-406A-AC68-9B8ED946C939}.Debug|Any CPU.Build.0 = Debug|Any CPU
		{DF25F549-0395-406A-AC68-9B8ED946C939}.Release|Any CPU.ActiveCfg = Release|Any CPU
		{DF25F549-0395-406A-AC68-9B8ED946C939}.Release|Any CPU.Build.0 = Release|Any CPU
	EndGlobalSection
	GlobalSection(SolutionProperties) = preSolution
		HideSolutionNode = FALSE
	EndGlobalSection
	GlobalSection(ExtensibilityGlobals) = postSolution
		SolutionGuid = {7404D6B1-A1AC-4F34-BAB4-DF1428D9FD7D}
	EndGlobalSection
EndGlobal
